
Microsoft Visual Studio Solution File, Format Version 12.00
# Visual Studio Version 17
VisualStudioVersion = 17.0.31903.59
MinimumVisualStudioVersion = 10.0.40219.1
Project("{FAE04EC0-301F-11D3-BF4B-00C04F79EFBC}") = "CRC32", "CRC32\CRC32.csproj", "{538E788A-8473-41E7-9F08-7AD9FC80DFCF}"
EndProject
Global
	GlobalSection(SolutionConfigurationPlatforms) = preSolution
		Debug|Any CPU = Debug|Any CPU
		Release|Any CPU = Release|Any CPU
	EndGlobalSection
	GlobalSection(ProjectConfigurationPlatforms) = postSolution
		{538E788A-8473-41E7-9F08-7AD9FC80DFCF}.Debug|Any CPU.ActiveCfg = Debug|Any CPU
		{538E788A-8473-41E7-9F08-7AD9FC80DFCF}.Debug|Any CPU.Build.0 = Debug|Any CPU
		{538E788A-8473-41E7-9F08-7AD9FC80DFCF}.Release|Any CPU.ActiveCfg = Release|Any CPU
		{538E788A-8473-41E7-9F08-7AD9FC80DFCF}.Release|Any CPU.Build.0 = Release|Any CPU
	EndGlobalSection
	GlobalSection(SolutionProperties) = preSolution
		HideSolutionNode = FALSE
	EndGlobalSection
	GlobalSection(ExtensibilityGlobals) = postSolution
		SolutionGuid = {BE4DDCA8-E3E0-40C2-AB2E-E4359F34C2A5}
	EndGlobalSection
EndGlobal
