
Microsoft Visual Studio Solution File, Format Version 12.00
# Visual Studio Version 17
VisualStudioVersion = 17.0.31903.59
MinimumVisualStudioVersion = 10.0.40219.1
Project("{FAE04EC0-301F-11D3-BF4B-00C04F79EFBC}") = "Sum", "Sum\Sum.csproj", "{40A8345C-FA17-417A-B667-285F0CD0404D}"
EndProject
Global
	GlobalSection(SolutionConfigurationPlatforms) = preSolution
		Debug|Any CPU = Debug|Any CPU
		Release|Any CPU = Release|Any CPU
	EndGlobalSection
	GlobalSection(ProjectConfigurationPlatforms) = postSolution
		{40A8345C-FA17-417A-B667-285F0CD0404D}.Debug|Any CPU.ActiveCfg = Debug|Any CPU
		{40A8345C-FA17-417A-B667-285F0CD0404D}.Debug|Any CPU.Build.0 = Debug|Any CPU
		{40A8345C-FA17-417A-B667-285F0CD0404D}.Release|Any CPU.ActiveCfg = Release|Any CPU
		{40A8345C-FA17-417A-B667-285F0CD0404D}.Release|Any CPU.Build.0 = Release|Any CPU
	EndGlobalSection
	GlobalSection(SolutionProperties) = preSolution
		HideSolutionNode = FALSE
	EndGlobalSection
	GlobalSection(ExtensibilityGlobals) = postSolution
		SolutionGuid = {43A9C16E-8E37-4255-ADA3-C2745EB3BB88}
	EndGlobalSection
EndGlobal
