
Microsoft Visual Studio Solution File, Format Version 12.00
# Visual Studio Version 16
VisualStudioVersion = 16.0.30517.126
MinimumVisualStudioVersion = 10.0.40219.1
Project("{FAE04EC0-301F-11D3-BF4B-00C04F79EFBC}") = "VTM", "VTM\VTM.csproj", "{9F799C07-6DC8-4AE7-AC94-CF67EA5D0F2D}"
EndProject
Project("{2150E333-8FDC-42A3-9474-1A3956D46DE8}") = "UI", "UI", "{37E9A704-FD52-48EB-BE68-AA6BE59529D5}"
EndProject
Project("{2150E333-8FDC-42A3-9474-1A3956D46DE8}") = "Ultility", "Ultility", "{6F37710D-36D8-4AA4-8329-35C359CFBB84}"
EndProject
Project("{2150E333-8FDC-42A3-9474-1A3956D46DE8}") = "Logics", "Logics", "{438DDBCF-C05A-42CC-B768-E2DEDCF0A5ED}"
EndProject
Project("{FAE04EC0-301F-11D3-BF4B-00C04F79EFBC}") = "HVT.VTM.Base", "HVT.VTM.Model\HVT.VTM.Base.csproj", "{1634E2CA-C43C-4749-91C8-540E38D808CC}"
EndProject
Project("{2150E333-8FDC-42A3-9474-1A3956D46DE8}") = "Devices", "Devices", "{A2B55675-8533-451E-A1D5-96392947A59E}"
EndProject
Project("{FAE04EC0-301F-11D3-BF4B-00C04F79EFBC}") = "Utility", "HVT.Utility\Utility.csproj", "{1F26009D-C483-4DBF-AF0E-F3274C32D21A}"
EndProject
Project("{2150E333-8FDC-42A3-9474-1A3956D46DE8}") = "HVT", "HVT", "{99A4FE94-C210-42E2-A6C4-9526C28AAA11}"
EndProject
Project("{2150E333-8FDC-42A3-9474-1A3956D46DE8}") = "Users", "Users", "{AA952B52-6EAB-427A-AA56-17BF79F639A3}"
EndProject
Project("{FAE04EC0-301F-11D3-BF4B-00C04F79EFBC}") = "HVT.StandantLocalUsers", "HVT.StandantLocalUsers\HVT.StandantLocalUsers.csproj", "{CBD283FE-EB0E-4814-844A-98B5AF3D4279}"
EndProject
Project("{FAE04EC0-301F-11D3-BF4B-00C04F79EFBC}") = "HVT.Resource", "..\..\..\0 HVT\HVT\Resource\HVT.Resource.csproj", "{4CB5FF9C-B45F-40AD-88DC-3299A4B4825F}"
EndProject
Project("{2150E333-8FDC-42A3-9474-1A3956D46DE8}") = "Resouce", "Resouce", "{011CAD8E-0F42-40B5-A2F3-9CBBED521AD3}"
EndProject
Project("{2150E333-8FDC-42A3-9474-1A3956D46DE8}") = "Program (middle layer)", "Program (middle layer)", "{DCFC9EE8-F8B1-4A74-8897-237BCBA964CD}"
EndProject
Project("{2150E333-8FDC-42A3-9474-1A3956D46DE8}") = "Base layer", "Base layer", "{F73673DC-B131-46B5-9E32-CB1506D7BADC}"
EndProject
Project("{FAE04EC0-301F-11D3-BF4B-00C04F79EFBC}") = "HVT.VTM.Program", "HVT.VTM.Program\HVT.VTM.Program.csproj", "{6A81A954-11D8-4781-AC98-582DD96B4744}"
EndProject
Project("{2150E333-8FDC-42A3-9474-1A3956D46DE8}") = "Camera", "Camera", "{99FD537B-AA4E-4F0B-B872-674BDC232B32}"
EndProject
Global
	GlobalSection(SolutionConfigurationPlatforms) = preSolution
		Debug|Any CPU = Debug|Any CPU
		Debug|x64 = Debug|x64
		Debug|x86 = Debug|x86
		Release|Any CPU = Release|Any CPU
		Release|x64 = Release|x64
		Release|x86 = Release|x86
	EndGlobalSection
	GlobalSection(ProjectConfigurationPlatforms) = postSolution
		{9F799C07-6DC8-4AE7-AC94-CF67EA5D0F2D}.Debug|Any CPU.ActiveCfg = Debug|Any CPU
		{9F799C07-6DC8-4AE7-AC94-CF67EA5D0F2D}.Debug|Any CPU.Build.0 = Debug|Any CPU
		{9F799C07-6DC8-4AE7-AC94-CF67EA5D0F2D}.Debug|x64.ActiveCfg = Debug|x64
		{9F799C07-6DC8-4AE7-AC94-CF67EA5D0F2D}.Debug|x64.Build.0 = Debug|x64
		{9F799C07-6DC8-4AE7-AC94-CF67EA5D0F2D}.Debug|x86.ActiveCfg = Debug|Any CPU
		{9F799C07-6DC8-4AE7-AC94-CF67EA5D0F2D}.Debug|x86.Build.0 = Debug|Any CPU
		{9F799C07-6DC8-4AE7-AC94-CF67EA5D0F2D}.Release|Any CPU.ActiveCfg = Release|Any CPU
		{9F799C07-6DC8-4AE7-AC94-CF67EA5D0F2D}.Release|Any CPU.Build.0 = Release|Any CPU
		{9F799C07-6DC8-4AE7-AC94-CF67EA5D0F2D}.Release|x64.ActiveCfg = Release|x64
		{9F799C07-6DC8-4AE7-AC94-CF67EA5D0F2D}.Release|x64.Build.0 = Release|x64
		{9F799C07-6DC8-4AE7-AC94-CF67EA5D0F2D}.Release|x86.ActiveCfg = Release|Any CPU
		{9F799C07-6DC8-4AE7-AC94-CF67EA5D0F2D}.Release|x86.Build.0 = Release|Any CPU
		{1634E2CA-C43C-4749-91C8-540E38D808CC}.Debug|Any CPU.ActiveCfg = Debug|Any CPU
		{1634E2CA-C43C-4749-91C8-540E38D808CC}.Debug|Any CPU.Build.0 = Debug|Any CPU
		{1634E2CA-C43C-4749-91C8-540E38D808CC}.Debug|x64.ActiveCfg = Debug|Any CPU
		{1634E2CA-C43C-4749-91C8-540E38D808CC}.Debug|x64.Build.0 = Debug|Any CPU
		{1634E2CA-C43C-4749-91C8-540E38D808CC}.Debug|x86.ActiveCfg = Debug|Any CPU
		{1634E2CA-C43C-4749-91C8-540E38D808CC}.Debug|x86.Build.0 = Debug|Any CPU
		{1634E2CA-C43C-4749-91C8-540E38D808CC}.Release|Any CPU.ActiveCfg = Release|Any CPU
		{1634E2CA-C43C-4749-91C8-540E38D808CC}.Release|Any CPU.Build.0 = Release|Any CPU
		{1634E2CA-C43C-4749-91C8-540E38D808CC}.Release|x64.ActiveCfg = Release|Any CPU
		{1634E2CA-C43C-4749-91C8-540E38D808CC}.Release|x64.Build.0 = Release|Any CPU
		{1634E2CA-C43C-4749-91C8-540E38D808CC}.Release|x86.ActiveCfg = Release|Any CPU
		{1634E2CA-C43C-4749-91C8-540E38D808CC}.Release|x86.Build.0 = Release|Any CPU
		{1F26009D-C483-4DBF-AF0E-F3274C32D21A}.Debug|Any CPU.ActiveCfg = Debug|Any CPU
		{1F26009D-C483-4DBF-AF0E-F3274C32D21A}.Debug|Any CPU.Build.0 = Debug|Any CPU
		{1F26009D-C483-4DBF-AF0E-F3274C32D21A}.Debug|x64.ActiveCfg = Debug|x64
		{1F26009D-C483-4DBF-AF0E-F3274C32D21A}.Debug|x64.Build.0 = Debug|x64
		{1F26009D-C483-4DBF-AF0E-F3274C32D21A}.Debug|x86.ActiveCfg = Debug|Any CPU
		{1F26009D-C483-4DBF-AF0E-F3274C32D21A}.Debug|x86.Build.0 = Debug|Any CPU
		{1F26009D-C483-4DBF-AF0E-F3274C32D21A}.Release|Any CPU.ActiveCfg = Release|Any CPU
		{1F26009D-C483-4DBF-AF0E-F3274C32D21A}.Release|Any CPU.Build.0 = Release|Any CPU
		{1F26009D-C483-4DBF-AF0E-F3274C32D21A}.Release|x64.ActiveCfg = Release|Any CPU
		{1F26009D-C483-4DBF-AF0E-F3274C32D21A}.Release|x64.Build.0 = Release|Any CPU
		{1F26009D-C483-4DBF-AF0E-F3274C32D21A}.Release|x86.ActiveCfg = Release|Any CPU
		{1F26009D-C483-4DBF-AF0E-F3274C32D21A}.Release|x86.Build.0 = Release|Any CPU
		{CBD283FE-EB0E-4814-844A-98B5AF3D4279}.Debug|Any CPU.ActiveCfg = Debug|Any CPU
		{CBD283FE-EB0E-4814-844A-98B5AF3D4279}.Debug|Any CPU.Build.0 = Debug|Any CPU
		{CBD283FE-EB0E-4814-844A-98B5AF3D4279}.Debug|x64.ActiveCfg = Debug|Any CPU
		{CBD283FE-EB0E-4814-844A-98B5AF3D4279}.Debug|x64.Build.0 = Debug|Any CPU
		{CBD283FE-EB0E-4814-844A-98B5AF3D4279}.Debug|x86.ActiveCfg = Debug|Any CPU
		{CBD283FE-EB0E-4814-844A-98B5AF3D4279}.Debug|x86.Build.0 = Debug|Any CPU
		{CBD283FE-EB0E-4814-844A-98B5AF3D4279}.Release|Any CPU.ActiveCfg = Release|Any CPU
		{CBD283FE-EB0E-4814-844A-98B5AF3D4279}.Release|Any CPU.Build.0 = Release|Any CPU
		{CBD283FE-EB0E-4814-844A-98B5AF3D4279}.Release|x64.ActiveCfg = Release|Any CPU
		{CBD283FE-EB0E-4814-844A-98B5AF3D4279}.Release|x64.Build.0 = Release|Any CPU
		{CBD283FE-EB0E-4814-844A-98B5AF3D4279}.Release|x86.ActiveCfg = Release|Any CPU
		{CBD283FE-EB0E-4814-844A-98B5AF3D4279}.Release|x86.Build.0 = Release|Any CPU
		{4CB5FF9C-B45F-40AD-88DC-3299A4B4825F}.Debug|Any CPU.ActiveCfg = Debug|Any CPU
		{4CB5FF9C-B45F-40AD-88DC-3299A4B4825F}.Debug|Any CPU.Build.0 = Debug|Any CPU
		{4CB5FF9C-B45F-40AD-88DC-3299A4B4825F}.Debug|x64.ActiveCfg = Debug|Any CPU
		{4CB5FF9C-B45F-40AD-88DC-3299A4B4825F}.Debug|x64.Build.0 = Debug|Any CPU
		{4CB5FF9C-B45F-40AD-88DC-3299A4B4825F}.Debug|x86.ActiveCfg = Debug|Any CPU
		{4CB5FF9C-B45F-40AD-88DC-3299A4B4825F}.Debug|x86.Build.0 = Debug|Any CPU
		{4CB5FF9C-B45F-40AD-88DC-3299A4B4825F}.Release|Any CPU.ActiveCfg = Release|Any CPU
		{4CB5FF9C-B45F-40AD-88DC-3299A4B4825F}.Release|Any CPU.Build.0 = Release|Any CPU
		{4CB5FF9C-B45F-40AD-88DC-3299A4B4825F}.Release|x64.ActiveCfg = Release|Any CPU
		{4CB5FF9C-B45F-40AD-88DC-3299A4B4825F}.Release|x64.Build.0 = Release|Any CPU
		{4CB5FF9C-B45F-40AD-88DC-3299A4B4825F}.Release|x86.ActiveCfg = Release|Any CPU
		{4CB5FF9C-B45F-40AD-88DC-3299A4B4825F}.Release|x86.Build.0 = Release|Any CPU
		{6A81A954-11D8-4781-AC98-582DD96B4744}.Debug|Any CPU.ActiveCfg = Debug|Any CPU
		{6A81A954-11D8-4781-AC98-582DD96B4744}.Debug|Any CPU.Build.0 = Debug|Any CPU
		{6A81A954-11D8-4781-AC98-582DD96B4744}.Debug|x64.ActiveCfg = Debug|Any CPU
		{6A81A954-11D8-4781-AC98-582DD96B4744}.Debug|x64.Build.0 = Debug|Any CPU
		{6A81A954-11D8-4781-AC98-582DD96B4744}.Debug|x86.ActiveCfg = Debug|Any CPU
		{6A81A954-11D8-4781-AC98-582DD96B4744}.Debug|x86.Build.0 = Debug|Any CPU
		{6A81A954-11D8-4781-AC98-582DD96B4744}.Release|Any CPU.ActiveCfg = Release|Any CPU
		{6A81A954-11D8-4781-AC98-582DD96B4744}.Release|Any CPU.Build.0 = Release|Any CPU
		{6A81A954-11D8-4781-AC98-582DD96B4744}.Release|x64.ActiveCfg = Release|Any CPU
		{6A81A954-11D8-4781-AC98-582DD96B4744}.Release|x64.Build.0 = Release|Any CPU
		{6A81A954-11D8-4781-AC98-582DD96B4744}.Release|x86.ActiveCfg = Release|Any CPU
		{6A81A954-11D8-4781-AC98-582DD96B4744}.Release|x86.Build.0 = Release|Any CPU
	EndGlobalSection
	GlobalSection(SolutionProperties) = preSolution
		HideSolutionNode = FALSE
	EndGlobalSection
	GlobalSection(NestedProjects) = preSolution
		{9F799C07-6DC8-4AE7-AC94-CF67EA5D0F2D} = {37E9A704-FD52-48EB-BE68-AA6BE59529D5}
		{6F37710D-36D8-4AA4-8329-35C359CFBB84} = {99A4FE94-C210-42E2-A6C4-9526C28AAA11}
		{1634E2CA-C43C-4749-91C8-540E38D808CC} = {F73673DC-B131-46B5-9E32-CB1506D7BADC}
		{A2B55675-8533-451E-A1D5-96392947A59E} = {99A4FE94-C210-42E2-A6C4-9526C28AAA11}
		{1F26009D-C483-4DBF-AF0E-F3274C32D21A} = {6F37710D-36D8-4AA4-8329-35C359CFBB84}
		{CBD283FE-EB0E-4814-844A-98B5AF3D4279} = {AA952B52-6EAB-427A-AA56-17BF79F639A3}
		{4CB5FF9C-B45F-40AD-88DC-3299A4B4825F} = {011CAD8E-0F42-40B5-A2F3-9CBBED521AD3}
		{011CAD8E-0F42-40B5-A2F3-9CBBED521AD3} = {99A4FE94-C210-42E2-A6C4-9526C28AAA11}
		{DCFC9EE8-F8B1-4A74-8897-237BCBA964CD} = {438DDBCF-C05A-42CC-B768-E2DEDCF0A5ED}
		{F73673DC-B131-46B5-9E32-CB1506D7BADC} = {438DDBCF-C05A-42CC-B768-E2DEDCF0A5ED}
		{6A81A954-11D8-4781-AC98-582DD96B4744} = {DCFC9EE8-F8B1-4A74-8897-237BCBA964CD}
		{99FD537B-AA4E-4F0B-B872-674BDC232B32} = {A2B55675-8533-451E-A1D5-96392947A59E}
	EndGlobalSection
	GlobalSection(ExtensibilityGlobals) = postSolution
		SolutionGuid = {5026A183-F5B6-4CDF-8FC0-68804C182C0E}
	EndGlobalSection
EndGlobal
